
Microsoft Visual Studio Solution File, Format Version 12.00
# Visual Studio Version 17
VisualStudioVersion = 17.9.34728.123
MinimumVisualStudioVersion = 10.0.40219.1
Project("{FAE04EC0-301F-11D3-BF4B-00C04F79EFBC}") = "CatFactsWeb", "CatFactsWeb\CatFactsWeb.csproj", "{DB54D60F-0EEC-483D-A09A-A78D10B33716}"
EndProject
Global
	GlobalSection(SolutionConfigurationPlatforms) = preSolution
		Debug|Any CPU = Debug|Any CPU
		Release|Any CPU = Release|Any CPU
	EndGlobalSection
	GlobalSection(ProjectConfigurationPlatforms) = postSolution
		{DB54D60F-0EEC-483D-A09A-A78D10B33716}.Debug|Any CPU.ActiveCfg = Debug|Any CPU
		{DB54D60F-0EEC-483D-A09A-A78D10B33716}.Debug|Any CPU.Build.0 = Debug|Any CPU
		{DB54D60F-0EEC-483D-A09A-A78D10B33716}.Release|Any CPU.ActiveCfg = Release|Any CPU
		{DB54D60F-0EEC-483D-A09A-A78D10B33716}.Release|Any CPU.Build.0 = Release|Any CPU
	EndGlobalSection
	GlobalSection(SolutionProperties) = preSolution
		HideSolutionNode = FALSE
	EndGlobalSection
	GlobalSection(ExtensibilityGlobals) = postSolution
		SolutionGuid = {3083DFC8-70EB-40F8-96D5-3B472A8A4B7B}
	EndGlobalSection
EndGlobal
